{
  "name": "npm-package-aliases-playground",
  "version": "1.0.0",
  "lockfileVersion": 1,
  "requires": true,
  "dependencies": {
    "feature-toggle-service": {
      "version": "1.2.0",
      "resolved": "https://registry.npmjs.org/feature-toggle-service/-/feature-toggle-service-1.2.0.tgz",
      "integrity": "sha1-hFde+lSURCyk2hIz4+uBjjyurcY="
    }
  }
}
